
Microsoft Visual Studio Solution File, Format Version 12.00
# Visual Studio Version 17
VisualStudioVersion = 17.11.35222.181
MinimumVisualStudioVersion = 10.0.40219.1
Project("{FAE04EC0-301F-11D3-BF4B-00C04F79EFBC}") = "WebWarehouse", "WebWarehouse\WebWarehouse.csproj", "{C3462DED-5A24-44F5-B543-996C354E0812}"
EndProject
Global
	GlobalSection(SolutionConfigurationPlatforms) = preSolution
		Debug|Any CPU = Debug|Any CPU
		Release|Any CPU = Release|Any CPU
	EndGlobalSection
	GlobalSection(ProjectConfigurationPlatforms) = postSolution
		{C3462DED-5A24-44F5-B543-996C354E0812}.Debug|Any CPU.ActiveCfg = Debug|Any CPU
		{C3462DED-5A24-44F5-B543-996C354E0812}.Debug|Any CPU.Build.0 = Debug|Any CPU
		{C3462DED-5A24-44F5-B543-996C354E0812}.Release|Any CPU.ActiveCfg = Release|Any CPU
		{C3462DED-5A24-44F5-B543-996C354E0812}.Release|Any CPU.Build.0 = Release|Any CPU
	EndGlobalSection
	GlobalSection(SolutionProperties) = preSolution
		HideSolutionNode = FALSE
	EndGlobalSection
	GlobalSection(ExtensibilityGlobals) = postSolution
		SolutionGuid = {943EA20A-7459-465A-9ABA-A794C3ED1FB9}
	EndGlobalSection
EndGlobal
